
Microsoft Visual Studio Solution File, Format Version 12.00
# Visual Studio Version 17
VisualStudioVersion = 17.14.36414.22 d17.14
MinimumVisualStudioVersion = 10.0.40219.1
Project("{F184B08F-C81C-45F6-A57F-5ABD9991F28F}") = "SIMPLE SELLING", "SIMPLE SELLING\SIMPLE SELLING.vbproj", "{36DDEA1B-D2F1-4E80-A7AC-2FBCA2640D92}"
EndProject
Global
	GlobalSection(SolutionConfigurationPlatforms) = preSolution
		Debug|Any CPU = Debug|Any CPU
		Release|Any CPU = Release|Any CPU
	EndGlobalSection
	GlobalSection(ProjectConfigurationPlatforms) = postSolution
		{36DDEA1B-D2F1-4E80-A7AC-2FBCA2640D92}.Debug|Any CPU.ActiveCfg = Debug|Any CPU
		{36DDEA1B-D2F1-4E80-A7AC-2FBCA2640D92}.Debug|Any CPU.Build.0 = Debug|Any CPU
		{36DDEA1B-D2F1-4E80-A7AC-2FBCA2640D92}.Release|Any CPU.ActiveCfg = Release|Any CPU
		{36DDEA1B-D2F1-4E80-A7AC-2FBCA2640D92}.Release|Any CPU.Build.0 = Release|Any CPU
	EndGlobalSection
	GlobalSection(SolutionProperties) = preSolution
		HideSolutionNode = FALSE
	EndGlobalSection
	GlobalSection(ExtensibilityGlobals) = postSolution
		SolutionGuid = {D915AD08-B4DC-4501-AA7F-F3191CD319A2}
	EndGlobalSection
EndGlobal
